# THIS IS AN AUTOGENERATED FILE. DO NOT EDIT THIS FILE DIRECTLY.
# yarn lockfile v1


gif-encoder-2@tyrone-sudeium/gif-encoder-2#feature/type_definitions:
  version "1.0.5"
  resolved "https://codeload.github.com/tyrone-sudeium/gif-encoder-2/tar.gz/a7aa7760d2af8a7c4dfbce788f4767233f8fe99e"

pngjs@^6.0.0:
  version "6.0.0"
  resolved "https://registry.yarnpkg.com/pngjs/-/pngjs-6.0.0.tgz#ca9e5d2aa48db0228a52c419c3308e87720da821"
  integrity sha512-TRzzuFRRmEoSW/p1KVAmiOgPco2Irlah+bGFCeNfJXxxYGwSw7YwAOAcd7X28K/m5bjBWKsC29KyoMfHbypayg==
